{
  "name": "bootstrap-example",
  "version": "1.0.0",
  "lockfileVersion": 1,
  "requires": true,
  "dependencies": {
    "bootstrap": {
      "version": "4.0.0",
      "resolved": "https://registry.npmjs.org/bootstrap/-/bootstrap-4.0.0.tgz",
      "integrity": "sha512-gulJE5dGFo6Q61V/whS6VM4WIyrlydXfCgkE+Gxe5hjrJ8rXLLZlALq7zq2RPhOc45PSwQpJkrTnc2KgD6cvmA=="
    },
    "bootstrap-social": {
      "version": "4.8.0",
      "resolved": "https://registry.npmjs.org/bootstrap-social/-/bootstrap-social-4.8.0.tgz",
      "integrity": "sha1-ZtRj3JZtbbQH37mTNR1YxTSqLHo=",
      "requires": {
        "bootstrap": "3.3.7",
        "font-awesome": "4.3.0"
      },
      "dependencies": {
        "bootstrap": {
          "version": "3.3.7",
          "resolved": "https://registry.npmjs.org/bootstrap/-/bootstrap-3.3.7.tgz",
          "integrity": "sha1-WjiTlFSfIzMIdaOxUGVldPip63E="
        },
        "font-awesome": {
          "version": "4.3.0",
          "resolved": "https://registry.npmjs.org/font-awesome/-/font-awesome-4.3.0.tgz",
          "integrity": "sha1-RO63kM35hmQnhvM/znhHZPGEHEA="
        }
      }
    },
    "datatables": {
      "version": "1.10.13",
      "resolved": "https://registry.npmjs.org/datatables/-/datatables-1.10.13.tgz",
      "integrity": "sha1-m7Lexvfc8CBJoA5PDn0/4AnDk0Y=",
      "requires": {
        "jquery": "3.3.1"
      }
    },
    "datatables-responsive": {
      "version": "1.0.7",
      "resolved": "https://registry.npmjs.org/datatables-responsive/-/datatables-responsive-1.0.7.tgz",
      "integrity": "sha1-2Q5FeB3CF5+dIA37fwjv9JIJb84=",
      "requires": {
        "datatables": "1.10.13",
        "jquery": "3.3.1"
      }
    },
    "datatables.net-plugins": {
      "version": "1.10.15",
      "resolved": "https://registry.npmjs.org/datatables.net-plugins/-/datatables.net-plugins-1.10.15.tgz",
      "integrity": "sha1-kG3uv/dQEKtMJ1+AWLS2DSyPMVc="
    },
    "escape-html": {
      "version": "1.0.3",
      "resolved": "https://registry.npmjs.org/escape-html/-/escape-html-1.0.3.tgz",
      "integrity": "sha1-Aljq5NPQwJdN4cFpGI7wBR0dGYg="
    },
    "flot": {
      "version": "0.8.0-alpha",
      "resolved": "https://registry.npmjs.org/flot/-/flot-0.8.0-alpha.tgz",
      "integrity": "sha1-nLvHFHwQpH0lSduQvSmH7BunhLo="
    },
    "font-awesome": {
      "version": "4.6.3",
      "resolved": "https://registry.npmjs.org/font-awesome/-/font-awesome-4.6.3.tgz",
      "integrity": "sha1-hpM2UVQO4Ah0xmQBf1DyFy9lMaI="
    },
    "holderjs": {
      "version": "2.9.4",
      "resolved": "https://registry.npmjs.org/holderjs/-/holderjs-2.9.4.tgz",
      "integrity": "sha1-oWXbwlMuv/l1SRMSJZ0MUgwFmJg=",
      "requires": {
        "shaven": "0.8.1"
      }
    },
    "jquery": {
      "version": "3.3.1",
      "resolved": "https://registry.npmjs.org/jquery/-/jquery-3.3.1.tgz",
      "integrity": "sha512-Ubldcmxp5np52/ENotGxlLe6aGMvmF4R8S6tZjsP6Knsaxd/xp3Zrh50cG93lR6nPXyUFwzN3ZSOQI0wRJNdGg=="
    },
    "jquery.flot.tooltip": {
      "version": "0.9.0",
      "resolved": "https://registry.npmjs.org/jquery.flot.tooltip/-/jquery.flot.tooltip-0.9.0.tgz",
      "integrity": "sha1-rha/lLJsLtmrTbFnu6Ut/bYVwd8="
    },
    "metismenu": {
      "version": "2.7.4",
      "resolved": "https://registry.npmjs.org/metismenu/-/metismenu-2.7.4.tgz",
      "integrity": "sha512-w3LkG/XGWIcW7YNunnVy8SEfnnXWhPcP5Wj4tZQlB3FvNJvfHdtB38xE8E3Qe5htJRsxwW8RJw3INYHJlpCBVA=="
    },
    "morris.js06": {
      "version": "0.6.1",
      "resolved": "https://registry.npmjs.org/morris.js06/-/morris.js06-0.6.1.tgz",
      "integrity": "sha1-3V8OHCpQOJ/AtP+OMVIU5nJXbR8="
    },
    "popper.js": {
      "version": "1.12.9",
      "resolved": "https://registry.npmjs.org/popper.js/-/popper.js-1.12.9.tgz",
      "integrity": "sha1-DfvC3/lsRRuzMu3Pz6r1ZtMx1bM="
    },
    "shaven": {
      "version": "0.8.1",
      "resolved": "https://registry.npmjs.org/shaven/-/shaven-0.8.1.tgz",
      "integrity": "sha1-D0LU+zLEBINJ/57pwpb17/styq8=",
      "requires": {
        "escape-html": "1.0.3"
      }
    },
    "tether": {
      "version": "1.4.3",
      "resolved": "https://registry.npmjs.org/tether/-/tether-1.4.3.tgz",
      "integrity": "sha512-YCfE/Ym9MpZpzUmzbek7MiLEyTofxx2YS0rJfSOUXX0aZtfQgxcgw7/Re2oGJUsREWZtEF0DzBKCjqH+DzgL6A=="
    }
  }
}
